
Microsoft Visual Studio Solution File, Format Version 12.00
# Visual Studio 15
VisualStudioVersion = 15.0.27413.0
MinimumVisualStudioVersion = 10.0.40219.1
Project("{9A19103F-16F7-4668-BE54-9A1E7A4F7556}") = "AzFuncLdapFacade", "AzFuncLdapFacade\AzFuncLdapFacade.csproj", "{D0822738-01B4-45B5-BA9A-34D729921917}"
EndProject
Project("{9A19103F-16F7-4668-BE54-9A1E7A4F7556}") = "AT.RKSV.Kassenbeleg", "AT.RKSV.Kassenbeleg\AT.RKSV.Kassenbeleg.csproj", "{66ED7CB1-0F5B-41ED-817B-53759849B3BB}"
EndProject
Global
	GlobalSection(SolutionConfigurationPlatforms) = preSolution
		Debug|Any CPU = Debug|Any CPU
		Release|Any CPU = Release|Any CPU
	EndGlobalSection
	GlobalSection(ProjectConfigurationPlatforms) = postSolution
		{D0822738-01B4-45B5-BA9A-34D729921917}.Debug|Any CPU.ActiveCfg = Debug|Any CPU
		{D0822738-01B4-45B5-BA9A-34D729921917}.Debug|Any CPU.Build.0 = Debug|Any CPU
		{D0822738-01B4-45B5-BA9A-34D729921917}.Release|Any CPU.ActiveCfg = Release|Any CPU
		{D0822738-01B4-45B5-BA9A-34D729921917}.Release|Any CPU.Build.0 = Release|Any CPU
		{66ED7CB1-0F5B-41ED-817B-53759849B3BB}.Debug|Any CPU.ActiveCfg = Debug|Any CPU
		{66ED7CB1-0F5B-41ED-817B-53759849B3BB}.Debug|Any CPU.Build.0 = Debug|Any CPU
		{66ED7CB1-0F5B-41ED-817B-53759849B3BB}.Release|Any CPU.ActiveCfg = Release|Any CPU
		{66ED7CB1-0F5B-41ED-817B-53759849B3BB}.Release|Any CPU.Build.0 = Release|Any CPU
	EndGlobalSection
	GlobalSection(SolutionProperties) = preSolution
		HideSolutionNode = FALSE
	EndGlobalSection
	GlobalSection(ExtensibilityGlobals) = postSolution
		SolutionGuid = {62D2D1A0-EDA3-4601-952A-F4165D08A2F7}
	EndGlobalSection
EndGlobal
