
Microsoft Visual Studio Solution File, Format Version 12.00
# Visual Studio 15
VisualStudioVersion = 15.0.27130.2027
MinimumVisualStudioVersion = 10.0.40219.1
Project("{FAE04EC0-301F-11D3-BF4B-00C04F79EFBC}") = "XamBonBon.Android", "XamBonBon\XamBonBon.Android\XamBonBon.Android.csproj", "{92AF0B6F-6842-45E0-90A0-750573173B3C}"
EndProject
Project("{FAE04EC0-301F-11D3-BF4B-00C04F79EFBC}") = "XamBonBon", "XamBonBon\XamBonBon\XamBonBon.csproj", "{C6710541-C217-4657-A699-552B5F44FF9D}"
EndProject
Project("{9A19103F-16F7-4668-BE54-9A1E7A4F7556}") = "AT.RKSV.Kassenbeleg", "AT.RKSV.Kassenbeleg\AT.RKSV.Kassenbeleg.csproj", "{B35D7DF1-7561-4A7F-9BF9-95B8E47ABD66}"
EndProject
Global
	GlobalSection(SolutionConfigurationPlatforms) = preSolution
		Debug|Any CPU = Debug|Any CPU
		Release|Any CPU = Release|Any CPU
	EndGlobalSection
	GlobalSection(ProjectConfigurationPlatforms) = postSolution
		{92AF0B6F-6842-45E0-90A0-750573173B3C}.Debug|Any CPU.ActiveCfg = Debug|Any CPU
		{92AF0B6F-6842-45E0-90A0-750573173B3C}.Debug|Any CPU.Build.0 = Debug|Any CPU
		{92AF0B6F-6842-45E0-90A0-750573173B3C}.Debug|Any CPU.Deploy.0 = Debug|Any CPU
		{92AF0B6F-6842-45E0-90A0-750573173B3C}.Release|Any CPU.ActiveCfg = Release|Any CPU
		{92AF0B6F-6842-45E0-90A0-750573173B3C}.Release|Any CPU.Build.0 = Release|Any CPU
		{92AF0B6F-6842-45E0-90A0-750573173B3C}.Release|Any CPU.Deploy.0 = Release|Any CPU
		{C6710541-C217-4657-A699-552B5F44FF9D}.Debug|Any CPU.ActiveCfg = Debug|Any CPU
		{C6710541-C217-4657-A699-552B5F44FF9D}.Debug|Any CPU.Build.0 = Debug|Any CPU
		{C6710541-C217-4657-A699-552B5F44FF9D}.Release|Any CPU.ActiveCfg = Release|Any CPU
		{C6710541-C217-4657-A699-552B5F44FF9D}.Release|Any CPU.Build.0 = Release|Any CPU
		{B35D7DF1-7561-4A7F-9BF9-95B8E47ABD66}.Debug|Any CPU.ActiveCfg = Debug|Any CPU
		{B35D7DF1-7561-4A7F-9BF9-95B8E47ABD66}.Debug|Any CPU.Build.0 = Debug|Any CPU
		{B35D7DF1-7561-4A7F-9BF9-95B8E47ABD66}.Release|Any CPU.ActiveCfg = Release|Any CPU
		{B35D7DF1-7561-4A7F-9BF9-95B8E47ABD66}.Release|Any CPU.Build.0 = Release|Any CPU
	EndGlobalSection
	GlobalSection(SolutionProperties) = preSolution
		HideSolutionNode = FALSE
	EndGlobalSection
	GlobalSection(ExtensibilityGlobals) = postSolution
		SolutionGuid = {167C5436-106A-45D5-AE7B-50639DA55327}
	EndGlobalSection
EndGlobal
